// !$*UTF8*$!
{
	archiveVersion = 1;
	classes = {
	};
	objectVersion = 46;
	objects = {

/* Begin PBXBuildFile section */
		123167601E77DBD200B71351 /* AppDelegate.swift in Sources */ = {isa = PBXBuildFile; fileRef = 1231675F1E77DBD200B71351 /* AppDelegate.swift */; };
		123167621E77DBD200B71351 /* ViewController.swift in Sources */ = {isa = PBXBuildFile; fileRef = 123167611E77DBD200B71351 /* ViewController.swift */; };
		123167651E77DBD200B71351 /* Main.storyboard in Resources */ = {isa = PBXBuildFile; fileRef = 123167631E77DBD200B71351 /* Main.storyboard */; };
		123167671E77DBD200B71351 /* Assets.xcassets in Resources */ = {isa = PBXBuildFile; fileRef = 123167661E77DBD200B71351 /* Assets.xcassets */; };
		1231676A1E77DBD200B71351 /* LaunchScreen.storyboard in Resources */ = {isa = PBXBuildFile; fileRef = 123167681E77DBD200B71351 /* LaunchScreen.storyboard */; };
		123167731E77DC1F00B71351 /* BuildConfig.plist in Resources */ = {isa = PBXBuildFile; fileRef = 123167721E77DC1F00B71351 /* BuildConfig.plist */; };
/* End PBXBuildFile section */

/* Begin PBXFileReference section */
		1231675C1E77DBD200B71351 /* EFBuildInfoDemo.app */ = {isa = PBXFileReference; explicitFileType = wrapper.application; includeInIndex = 0; path = EFBuildInfoDemo.app; sourceTree = BUILT_PRODUCTS_DIR; };
		1231675F1E77DBD200B71351 /* AppDelegate.swift */ = {isa = PBXFileReference; lastKnownFileType = sourcecode.swift; path = AppDelegate.swift; sourceTree = "<group>"; };
		123167611E77DBD200B71351 /* ViewController.swift */ = {isa = PBXFileReference; lastKnownFileType = sourcecode.swift; path = ViewController.swift; sourceTree = "<group>"; };
		123167641E77DBD200B71351 /* Base */ = {isa = PBXFileReference; lastKnownFileType = file.storyboard; name = Base; path = Base.lproj/Main.storyboard; sourceTree = "<group>"; };
		123167661E77DBD200B71351 /* Assets.xcassets */ = {isa = PBXFileReference; lastKnownFileType = folder.assetcatalog; path = Assets.xcassets; sourceTree = "<group>"; };
		123167691E77DBD200B71351 /* Base */ = {isa = PBXFileReference; lastKnownFileType = file.storyboard; name = Base; path = Base.lproj/LaunchScreen.storyboard; sourceTree = "<group>"; };
		1231676B1E77DBD200B71351 /* Info.plist */ = {isa = PBXFileReference; lastKnownFileType = text.plist.xml; path = Info.plist; sourceTree = "<group>"; };
		123167721E77DC1F00B71351 /* BuildConfig.plist */ = {isa = PBXFileReference; fileEncoding = 4; lastKnownFileType = text.plist.xml; path = BuildConfig.plist; sourceTree = SOURCE_ROOT; };
/* End PBXFileReference section */

/* Begin PBXFrameworksBuildPhase section */
		123167591E77DBD200B71351 /* Frameworks */ = {
			isa = PBXFrameworksBuildPhase;
			buildActionMask = 2147483647;
			files = (
			);
			runOnlyForDeploymentPostprocessing = 0;
		};
/* End PBXFrameworksBuildPhase section */

/* Begin PBXGroup section */
		123167531E77DBD200B71351 = {
			isa = PBXGroup;
			children = (
				1231675E1E77DBD200B71351 /* EFBuildInfoDemo */,
				1231675D1E77DBD200B71351 /* Products */,
			);
			sourceTree = "<group>";
		};
		1231675D1E77DBD200B71351 /* Products */ = {
			isa = PBXGroup;
			children = (
				1231675C1E77DBD200B71351 /* EFBuildInfoDemo.app */,
			);
			name = Products;
			sourceTree = "<group>";
		};
		1231675E1E77DBD200B71351 /* EFBuildInfoDemo */ = {
			isa = PBXGroup;
			children = (
				123167711E77DBEB00B71351 /* res */,
				1231675F1E77DBD200B71351 /* AppDelegate.swift */,
				123167611E77DBD200B71351 /* ViewController.swift */,
				123167721E77DC1F00B71351 /* BuildConfig.plist */,
			);
			path = EFBuildInfoDemo;
			sourceTree = "<group>";
		};
		123167711E77DBEB00B71351 /* res */ = {
			isa = PBXGroup;
			children = (
				123167631E77DBD200B71351 /* Main.storyboard */,
				123167661E77DBD200B71351 /* Assets.xcassets */,
				123167681E77DBD200B71351 /* LaunchScreen.storyboard */,
				1231676B1E77DBD200B71351 /* Info.plist */,
			);
			name = res;
			sourceTree = "<group>";
		};
/* End PBXGroup section */

/* Begin PBXNativeTarget section */
		1231675B1E77DBD200B71351 /* EFBuildInfoDemo */ = {
			isa = PBXNativeTarget;
			buildConfigurationList = 1231676E1E77DBD200B71351 /* Build configuration list for PBXNativeTarget "EFBuildInfoDemo" */;
			buildPhases = (
				123167581E77DBD200B71351 /* Sources */,
				123167591E77DBD200B71351 /* Frameworks */,
				1231675A1E77DBD200B71351 /* Resources */,
			);
			buildRules = (
			);
			dependencies = (
			);
			name = EFBuildInfoDemo;
			productName = EFBuildInfoDemo;
			productReference = 1231675C1E77DBD200B71351 /* EFBuildInfoDemo.app */;
			productType = "com.apple.product-type.application";
		};
/* End PBXNativeTarget section */

/* Begin PBXProject section */
		123167541E77DBD200B71351 /* Project object */ = {
			isa = PBXProject;
			attributes = {
				LastSwiftUpdateCheck = 0820;
				LastUpgradeCheck = 0820;
				ORGANIZATIONNAME = eyrefree;
				TargetAttributes = {
					1231675B1E77DBD200B71351 = {
						CreatedOnToolsVersion = 8.2.1;
						DevelopmentTeam = P3X2725LYY;
						ProvisioningStyle = Automatic;
					};
				};
			};
			buildConfigurationList = 123167571E77DBD200B71351 /* Build configuration list for PBXProject "EFBuildInfoDemo" */;
			compatibilityVersion = "Xcode 3.2";
			developmentRegion = English;
			hasScannedForEncodings = 0;
			knownRegions = (
				en,
				Base,
			);
			mainGroup = 123167531E77DBD200B71351;
			productRefGroup = 1231675D1E77DBD200B71351 /* Products */;
			projectDirPath = "";
			projectRoot = "";
			targets = (
				1231675B1E77DBD200B71351 /* EFBuildInfoDemo */,
			);
		};
/* End PBXProject section */

/* Begin PBXResourcesBuildPhase section */
		1231675A1E77DBD200B71351 /* Resources */ = {
			isa = PBXResourcesBuildPhase;
			buildActionMask = 2147483647;
			files = (
				1231676A1E77DBD200B71351 /* LaunchScreen.storyboard in Resources */,
				123167731E77DC1F00B71351 /* BuildConfig.plist in Resources */,
				123167671E77DBD200B71351 /* Assets.xcassets in Resources */,
				123167651E77DBD200B71351 /* Main.storyboard in Resources */,
			);
			runOnlyForDeploymentPostprocessing = 0;
		};
/* End PBXResourcesBuildPhase section */

/* Begin PBXSourcesBuildPhase section */
		123167581E77DBD200B71351 /* Sources */ = {
			isa = PBXSourcesBuildPhase;
			buildActionMask = 2147483647;
			files = (
				123167621E77DBD200B71351 /* ViewController.swift in Sources */,
				123167601E77DBD200B71351 /* AppDelegate.swift in Sources */,
			);
			runOnlyForDeploymentPostprocessing = 0;
		};
/* End PBXSourcesBuildPhase section */

/* Begin PBXVariantGroup section */
		123167631E77DBD200B71351 /* Main.storyboard */ = {
			isa = PBXVariantGroup;
			children = (
				123167641E77DBD200B71351 /* Base */,
			);
			name = Main.storyboard;
			sourceTree = "<group>";
		};
		123167681E77DBD200B71351 /* LaunchScreen.storyboard */ = {
			isa = PBXVariantGroup;
			children = (
				123167691E77DBD200B71351 /* Base */,
			);
			name = LaunchScreen.storyboard;
			sourceTree = "<group>";
		};
/* End PBXVariantGroup section */

/* Begin XCBuildConfiguration section */
		1231676C1E77DBD200B71351 /* Debug */ = {
			isa = XCBuildConfiguration;
			buildSettings = {
				ALWAYS_SEARCH_USER_PATHS = NO;
				CLANG_ANALYZER_NONNULL = YES;
				CLANG_CXX_LANGUAGE_STANDARD = "gnu++0x";
				CLANG_CXX_LIBRARY = "libc++";
				CLANG_ENABLE_MODULES = YES;
				CLANG_ENABLE_OBJC_ARC = YES;
				CLANG_WARN_BOOL_CONVERSION = YES;
				CLANG_WARN_CONSTANT_CONVERSION = YES;
				CLANG_WARN_DIRECT_OBJC_ISA_USAGE = YES_ERROR;
				CLANG_WARN_DOCUMENTATION_COMMENTS = YES;
				CLANG_WARN_EMPTY_BODY = YES;
				CLANG_WARN_ENUM_CONVERSION = YES;
				CLANG_WARN_INFINITE_RECURSION = YES;
				CLANG_WARN_INT_CONVERSION = YES;
				CLANG_WARN_OBJC_ROOT_CLASS = YES_ERROR;
				CLANG_WARN_SUSPICIOUS_MOVE = YES;
				CLANG_WARN_UNREACHABLE_CODE = YES;
				CLANG_WARN__DUPLICATE_METHOD_MATCH = YES;
				"CODE_SIGN_IDENTITY[sdk=iphoneos*]" = "iPhone Developer";
				COPY_PHASE_STRIP = NO;
				DEBUG_INFORMATION_FORMAT = dwarf;
				ENABLE_STRICT_OBJC_MSGSEND = YES;
				ENABLE_TESTABILITY = YES;
				GCC_C_LANGUAGE_STANDARD = gnu99;
				GCC_DYNAMIC_NO_PIC = NO;
				GCC_NO_COMMON_BLOCKS = YES;
				GCC_OPTIMIZATION_LEVEL = 0;
				GCC_PREPROCESSOR_DEFINITIONS = (
					"DEBUG=1",
					"$(inherited)",
				);
				GCC_WARN_64_TO_32_BIT_CONVERSION = YES;
				GCC_WARN_ABOUT_RETURN_TYPE = YES_ERROR;
				GCC_WARN_UNDECLARED_SELECTOR = YES;
				GCC_WARN_UNINITIALIZED_AUTOS = YES_AGGRESSIVE;
				GCC_WARN_UNUSED_FUNCTION = YES;
				GCC_WARN_UNUSED_VARIABLE = YES;
				IPHONEOS_DEPLOYMENT_TARGET = 8.0;
				MTL_ENABLE_DEBUG_INFO = YES;
				ONLY_ACTIVE_ARCH = YES;
				SDKROOT = iphoneos;
				SWIFT_ACTIVE_COMPILATION_CONDITIONS = DEBUG;
				SWIFT_OPTIMIZATION_LEVEL = "-Onone";
			};
			name = Debug;
		};
		1231676D1E77DBD200B71351 /* Release */ = {
			isa = XCBuildConfiguration;
			buildSettings = {
				ALWAYS_SEARCH_USER_PATHS = NO;
				CLANG_ANALYZER_NONNULL = YES;
				CLANG_CXX_LANGUAGE_STANDARD = "gnu++0x";
				CLANG_CXX_LIBRARY = "libc++";
				CLANG_ENABLE_MODULES = YES;
				CLANG_ENABLE_OBJC_ARC = YES;
				CLANG_WARN_BOOL_CONVERSION = YES;
				CLANG_WARN_CONSTANT_CONVERSION = YES;
				CLANG_WARN_DIRECT_OBJC_ISA_USAGE = YES_ERROR;
				CLANG_WARN_DOCUMENTATION_COMMENTS = YES;
				CLANG_WARN_EMPTY_BODY = YES;
				CLANG_WARN_ENUM_CONVERSION = YES;
				CLANG_WARN_INFINITE_RECURSION = YES;
				CLANG_WARN_INT_CONVERSION = YES;
				CLANG_WARN_OBJC_ROOT_CLASS = YES_ERROR;
				CLANG_WARN_SUSPICIOUS_MOVE = YES;
				CLANG_WARN_UNREACHABLE_CODE = YES;
				CLANG_WARN__DUPLICATE_METHOD_MATCH = YES;
				"CODE_SIGN_IDENTITY[sdk=iphoneos*]" = "iPhone Developer";
				COPY_PHASE_STRIP = NO;
				DEBUG_INFORMATION_FORMAT = "dwarf-with-dsym";
				ENABLE_NS_ASSERTIONS = NO;
				ENABLE_STRICT_OBJC_MSGSEND = YES;
				GCC_C_LANGUAGE_STANDARD = gnu99;
				GCC_NO_COMMON_BLOCKS = YES;
				GCC_WARN_64_TO_32_BIT_CONVERSION = YES;
				GCC_WARN_ABOUT_RETURN_TYPE = YES_ERROR;
				GCC_WARN_UNDECLARED_SELECTOR = YES;
				GCC_WARN_UNINITIALIZED_AUTOS = YES_AGGRESSIVE;
				GCC_WARN_UNUSED_FUNCTION = YES;
				GCC_WARN_UNUSED_VARIABLE = YES;
				IPHONEOS_DEPLOYMENT_TARGET = 8.0;
				MTL_ENABLE_DEBUG_INFO = NO;
				SDKROOT = iphoneos;
				SWIFT_OPTIMIZATION_LEVEL = "-Owholemodule";
				VALIDATE_PRODUCT = YES;
			};
			name = Release;
		};
		1231676F1E77DBD200B71351 /* Debug */ = {
			isa = XCBuildConfiguration;
			buildSettings = {
				ASSETCATALOG_COMPILER_APPICON_NAME = AppIcon;
				DEVELOPMENT_TEAM = P3X2725LYY;
				INFOPLIST_FILE = EFBuildInfoDemo/Info.plist;
				LD_RUNPATH_SEARCH_PATHS = "$(inherited) @executable_path/Frameworks";
				PRODUCT_BUNDLE_IDENTIFIER = org.eyrefree.EFBuildInfoDemo;
				PRODUCT_NAME = "$(TARGET_NAME)";
				SWIFT_VERSION = 3.0;
			};
			name = Debug;
		};
		123167701E77DBD200B71351 /* Release */ = {
			isa = XCBuildConfiguration;
			buildSettings = {
				ASSETCATALOG_COMPILER_APPICON_NAME = AppIcon;
				DEVELOPMENT_TEAM = P3X2725LYY;
				INFOPLIST_FILE = EFBuildInfoDemo/Info.plist;
				LD_RUNPATH_SEARCH_PATHS = "$(inherited) @executable_path/Frameworks";
				PRODUCT_BUNDLE_IDENTIFIER = org.eyrefree.EFBuildInfoDemo;
				PRODUCT_NAME = "$(TARGET_NAME)";
				SWIFT_VERSION = 3.0;
			};
			name = Release;
		};
/* End XCBuildConfiguration section */

/* Begin XCConfigurationList section */
		123167571E77DBD200B71351 /* Build configuration list for PBXProject "EFBuildInfoDemo" */ = {
			isa = XCConfigurationList;
			buildConfigurations = (
				1231676C1E77DBD200B71351 /* Debug */,
				1231676D1E77DBD200B71351 /* Release */,
			);
			defaultConfigurationIsVisible = 0;
			defaultConfigurationName = Release;
		};
		1231676E1E77DBD200B71351 /* Build configuration list for PBXNativeTarget "EFBuildInfoDemo" */ = {
			isa = XCConfigurationList;
			buildConfigurations = (
				1231676F1E77DBD200B71351 /* Debug */,
				123167701E77DBD200B71351 /* Release */,
			);
			defaultConfigurationIsVisible = 0;
		};
/* End XCConfigurationList section */
	};
	rootObject = 123167541E77DBD200B71351 /* Project object */;
}
