// !$*UTF8*$!
{
	archiveVersion = 1;
	classes = {
	};
	objectVersion = 46;
	objects = {

/* Begin PBXBuildFile section */
		10E50E881CAA7B5400096BD8 /* AppDelegate.swift in Sources */ = {isa = PBXBuildFile; fileRef = 10E50E871CAA7B5400096BD8 /* AppDelegate.swift */; };
		10E50E8A1CAA7B5400096BD8 /* ViewController.swift in Sources */ = {isa = PBXBuildFile; fileRef = 10E50E891CAA7B5400096BD8 /* ViewController.swift */; };
		10E50E8D1CAA7B5400096BD8 /* Main.storyboard in Resources */ = {isa = PBXBuildFile; fileRef = 10E50E8B1CAA7B5400096BD8 /* Main.storyboard */; };
		10E50E8F1CAA7B5400096BD8 /* Assets.xcassets in Resources */ = {isa = PBXBuildFile; fileRef = 10E50E8E1CAA7B5400096BD8 /* Assets.xcassets */; };
		10E50E921CAA7B5400096BD8 /* LaunchScreen.storyboard in Resources */ = {isa = PBXBuildFile; fileRef = 10E50E901CAA7B5400096BD8 /* LaunchScreen.storyboard */; };
		10E50E9E1CAB67BA00096BD8 /* BuildConfig.plist in Resources */ = {isa = PBXBuildFile; fileRef = 10E50E9D1CAB67BA00096BD8 /* BuildConfig.plist */; };
/* End PBXBuildFile section */

/* Begin PBXFileReference section */
		10E50E841CAA7B5400096BD8 /* BuildInfoDemo.app */ = {isa = PBXFileReference; explicitFileType = wrapper.application; includeInIndex = 0; path = BuildInfoDemo.app; sourceTree = BUILT_PRODUCTS_DIR; };
		10E50E871CAA7B5400096BD8 /* AppDelegate.swift */ = {isa = PBXFileReference; lastKnownFileType = sourcecode.swift; path = AppDelegate.swift; sourceTree = "<group>"; };
		10E50E891CAA7B5400096BD8 /* ViewController.swift */ = {isa = PBXFileReference; lastKnownFileType = sourcecode.swift; path = ViewController.swift; sourceTree = "<group>"; };
		10E50E8C1CAA7B5400096BD8 /* Base */ = {isa = PBXFileReference; lastKnownFileType = file.storyboard; name = Base; path = Base.lproj/Main.storyboard; sourceTree = "<group>"; };
		10E50E8E1CAA7B5400096BD8 /* Assets.xcassets */ = {isa = PBXFileReference; lastKnownFileType = folder.assetcatalog; path = Assets.xcassets; sourceTree = "<group>"; };
		10E50E911CAA7B5400096BD8 /* Base */ = {isa = PBXFileReference; lastKnownFileType = file.storyboard; name = Base; path = Base.lproj/LaunchScreen.storyboard; sourceTree = "<group>"; };
		10E50E931CAA7B5400096BD8 /* Info.plist */ = {isa = PBXFileReference; lastKnownFileType = text.plist.xml; path = Info.plist; sourceTree = "<group>"; };
		10E50E9D1CAB67BA00096BD8 /* BuildConfig.plist */ = {isa = PBXFileReference; fileEncoding = 4; lastKnownFileType = text.plist.xml; path = BuildConfig.plist; sourceTree = SOURCE_ROOT; };
/* End PBXFileReference section */

/* Begin PBXFrameworksBuildPhase section */
		10E50E811CAA7B5400096BD8 /* Frameworks */ = {
			isa = PBXFrameworksBuildPhase;
			buildActionMask = 2147483647;
			files = (
			);
			runOnlyForDeploymentPostprocessing = 0;
		};
/* End PBXFrameworksBuildPhase section */

/* Begin PBXGroup section */
		10E50E7B1CAA7B5400096BD8 = {
			isa = PBXGroup;
			children = (
				10E50E861CAA7B5400096BD8 /* BuildInfoDemo */,
				10E50E851CAA7B5400096BD8 /* Products */,
			);
			sourceTree = "<group>";
		};
		10E50E851CAA7B5400096BD8 /* Products */ = {
			isa = PBXGroup;
			children = (
				10E50E841CAA7B5400096BD8 /* BuildInfoDemo.app */,
			);
			name = Products;
			sourceTree = "<group>";
		};
		10E50E861CAA7B5400096BD8 /* BuildInfoDemo */ = {
			isa = PBXGroup;
			children = (
				10E50EA21CAB6A2C00096BD8 /* res */,
				10E50E871CAA7B5400096BD8 /* AppDelegate.swift */,
				10E50E891CAA7B5400096BD8 /* ViewController.swift */,
				10E50E9D1CAB67BA00096BD8 /* BuildConfig.plist */,
			);
			path = BuildInfoDemo;
			sourceTree = "<group>";
		};
		10E50EA21CAB6A2C00096BD8 /* res */ = {
			isa = PBXGroup;
			children = (
				10E50E931CAA7B5400096BD8 /* Info.plist */,
				10E50E8E1CAA7B5400096BD8 /* Assets.xcassets */,
				10E50E8B1CAA7B5400096BD8 /* Main.storyboard */,
				10E50E901CAA7B5400096BD8 /* LaunchScreen.storyboard */,
			);
			name = res;
			sourceTree = "<group>";
		};
/* End PBXGroup section */

/* Begin PBXNativeTarget section */
		10E50E831CAA7B5400096BD8 /* BuildInfoDemo */ = {
			isa = PBXNativeTarget;
			buildConfigurationList = 10E50E961CAA7B5400096BD8 /* Build configuration list for PBXNativeTarget "BuildInfoDemo" */;
			buildPhases = (
				10E50E9C1CAB60A600096BD8 /* Build Config */,
				10E50E801CAA7B5400096BD8 /* Sources */,
				10E50E811CAA7B5400096BD8 /* Frameworks */,
				10E50E821CAA7B5400096BD8 /* Resources */,
			);
			buildRules = (
			);
			dependencies = (
			);
			name = BuildInfoDemo;
			productName = BuildInfoDemo;
			productReference = 10E50E841CAA7B5400096BD8 /* BuildInfoDemo.app */;
			productType = "com.apple.product-type.application";
		};
/* End PBXNativeTarget section */

/* Begin PBXProject section */
		10E50E7C1CAA7B5400096BD8 /* Project object */ = {
			isa = PBXProject;
			attributes = {
				LastSwiftUpdateCheck = 0730;
				LastUpgradeCheck = 0730;
				ORGANIZATIONNAME = MBP;
				TargetAttributes = {
					10E50E831CAA7B5400096BD8 = {
						CreatedOnToolsVersion = 7.3;
					};
				};
			};
			buildConfigurationList = 10E50E7F1CAA7B5400096BD8 /* Build configuration list for PBXProject "BuildInfoDemo" */;
			compatibilityVersion = "Xcode 3.2";
			developmentRegion = English;
			hasScannedForEncodings = 0;
			knownRegions = (
				en,
				Base,
			);
			mainGroup = 10E50E7B1CAA7B5400096BD8;
			productRefGroup = 10E50E851CAA7B5400096BD8 /* Products */;
			projectDirPath = "";
			projectRoot = "";
			targets = (
				10E50E831CAA7B5400096BD8 /* BuildInfoDemo */,
			);
		};
/* End PBXProject section */

/* Begin PBXResourcesBuildPhase section */
		10E50E821CAA7B5400096BD8 /* Resources */ = {
			isa = PBXResourcesBuildPhase;
			buildActionMask = 2147483647;
			files = (
				10E50E921CAA7B5400096BD8 /* LaunchScreen.storyboard in Resources */,
				10E50E9E1CAB67BA00096BD8 /* BuildConfig.plist in Resources */,
				10E50E8F1CAA7B5400096BD8 /* Assets.xcassets in Resources */,
				10E50E8D1CAA7B5400096BD8 /* Main.storyboard in Resources */,
			);
			runOnlyForDeploymentPostprocessing = 0;
		};
/* End PBXResourcesBuildPhase section */

/* Begin PBXShellScriptBuildPhase section */
		10E50E9C1CAB60A600096BD8 /* Build Config */ = {
			isa = PBXShellScriptBuildPhase;
			buildActionMask = 2147483647;
			files = (
			);
			inputPaths = (
			);
			name = "Build Config";
			outputPaths = (
			);
			runOnlyForDeploymentPostprocessing = 0;
			shellPath = /bin/sh;
			shellScript = "myFile=\"BuildConfig.plist\"\n\nmyDate=`date +%Y-%m-%dT%H:%M:%S%z`\necho $myDate\nmyHash=`git rev-parse --short HEAD`\necho $myHash\n\nif [ ! -f \"$myFile\" ]; then\n/usr/libexec/PlistBuddy -c \"Add :BUILD_TIME string $myDate\" \"$myFile\"\n/usr/libexec/PlistBuddy -c \"Add :GIT_SHA string $myHash\" \"$myFile\"\nelse\n/usr/libexec/PlistBuddy -c \"Set :BUILD_TIME $myDate\" \"$myFile\"\n/usr/libexec/PlistBuddy -c \"Set :GIT_SHA $myHash\" \"$myFile\"\nfi\n";
		};
/* End PBXShellScriptBuildPhase section */

/* Begin PBXSourcesBuildPhase section */
		10E50E801CAA7B5400096BD8 /* Sources */ = {
			isa = PBXSourcesBuildPhase;
			buildActionMask = 2147483647;
			files = (
				10E50E8A1CAA7B5400096BD8 /* ViewController.swift in Sources */,
				10E50E881CAA7B5400096BD8 /* AppDelegate.swift in Sources */,
			);
			runOnlyForDeploymentPostprocessing = 0;
		};
/* End PBXSourcesBuildPhase section */

/* Begin PBXVariantGroup section */
		10E50E8B1CAA7B5400096BD8 /* Main.storyboard */ = {
			isa = PBXVariantGroup;
			children = (
				10E50E8C1CAA7B5400096BD8 /* Base */,
			);
			name = Main.storyboard;
			sourceTree = "<group>";
		};
		10E50E901CAA7B5400096BD8 /* LaunchScreen.storyboard */ = {
			isa = PBXVariantGroup;
			children = (
				10E50E911CAA7B5400096BD8 /* Base */,
			);
			name = LaunchScreen.storyboard;
			sourceTree = "<group>";
		};
/* End PBXVariantGroup section */

/* Begin XCBuildConfiguration section */
		10E50E941CAA7B5400096BD8 /* Debug */ = {
			isa = XCBuildConfiguration;
			buildSettings = {
				ALWAYS_SEARCH_USER_PATHS = NO;
				CLANG_ANALYZER_NONNULL = YES;
				CLANG_CXX_LANGUAGE_STANDARD = "gnu++0x";
				CLANG_CXX_LIBRARY = "libc++";
				CLANG_ENABLE_MODULES = YES;
				CLANG_ENABLE_OBJC_ARC = YES;
				CLANG_WARN_BOOL_CONVERSION = YES;
				CLANG_WARN_CONSTANT_CONVERSION = YES;
				CLANG_WARN_DIRECT_OBJC_ISA_USAGE = YES_ERROR;
				CLANG_WARN_EMPTY_BODY = YES;
				CLANG_WARN_ENUM_CONVERSION = YES;
				CLANG_WARN_INT_CONVERSION = YES;
				CLANG_WARN_OBJC_ROOT_CLASS = YES_ERROR;
				CLANG_WARN_UNREACHABLE_CODE = YES;
				CLANG_WARN__DUPLICATE_METHOD_MATCH = YES;
				"CODE_SIGN_IDENTITY[sdk=iphoneos*]" = "iPhone Developer";
				COPY_PHASE_STRIP = NO;
				DEBUG_INFORMATION_FORMAT = dwarf;
				ENABLE_STRICT_OBJC_MSGSEND = YES;
				ENABLE_TESTABILITY = YES;
				GCC_C_LANGUAGE_STANDARD = gnu99;
				GCC_DYNAMIC_NO_PIC = NO;
				GCC_NO_COMMON_BLOCKS = YES;
				GCC_OPTIMIZATION_LEVEL = 0;
				GCC_PREPROCESSOR_DEFINITIONS = (
					"DEBUG=1",
					"$(inherited)",
				);
				GCC_WARN_64_TO_32_BIT_CONVERSION = YES;
				GCC_WARN_ABOUT_RETURN_TYPE = YES_ERROR;
				GCC_WARN_UNDECLARED_SELECTOR = YES;
				GCC_WARN_UNINITIALIZED_AUTOS = YES_AGGRESSIVE;
				GCC_WARN_UNUSED_FUNCTION = YES;
				GCC_WARN_UNUSED_VARIABLE = YES;
				IPHONEOS_DEPLOYMENT_TARGET = 9.3;
				MTL_ENABLE_DEBUG_INFO = YES;
				ONLY_ACTIVE_ARCH = YES;
				SDKROOT = iphoneos;
				SWIFT_OPTIMIZATION_LEVEL = "-Onone";
			};
			name = Debug;
		};
		10E50E951CAA7B5400096BD8 /* Release */ = {
			isa = XCBuildConfiguration;
			buildSettings = {
				ALWAYS_SEARCH_USER_PATHS = NO;
				CLANG_ANALYZER_NONNULL = YES;
				CLANG_CXX_LANGUAGE_STANDARD = "gnu++0x";
				CLANG_CXX_LIBRARY = "libc++";
				CLANG_ENABLE_MODULES = YES;
				CLANG_ENABLE_OBJC_ARC = YES;
				CLANG_WARN_BOOL_CONVERSION = YES;
				CLANG_WARN_CONSTANT_CONVERSION = YES;
				CLANG_WARN_DIRECT_OBJC_ISA_USAGE = YES_ERROR;
				CLANG_WARN_EMPTY_BODY = YES;
				CLANG_WARN_ENUM_CONVERSION = YES;
				CLANG_WARN_INT_CONVERSION = YES;
				CLANG_WARN_OBJC_ROOT_CLASS = YES_ERROR;
				CLANG_WARN_UNREACHABLE_CODE = YES;
				CLANG_WARN__DUPLICATE_METHOD_MATCH = YES;
				"CODE_SIGN_IDENTITY[sdk=iphoneos*]" = "iPhone Developer";
				COPY_PHASE_STRIP = NO;
				DEBUG_INFORMATION_FORMAT = "dwarf-with-dsym";
				ENABLE_NS_ASSERTIONS = NO;
				ENABLE_STRICT_OBJC_MSGSEND = YES;
				GCC_C_LANGUAGE_STANDARD = gnu99;
				GCC_NO_COMMON_BLOCKS = YES;
				GCC_WARN_64_TO_32_BIT_CONVERSION = YES;
				GCC_WARN_ABOUT_RETURN_TYPE = YES_ERROR;
				GCC_WARN_UNDECLARED_SELECTOR = YES;
				GCC_WARN_UNINITIALIZED_AUTOS = YES_AGGRESSIVE;
				GCC_WARN_UNUSED_FUNCTION = YES;
				GCC_WARN_UNUSED_VARIABLE = YES;
				IPHONEOS_DEPLOYMENT_TARGET = 9.3;
				MTL_ENABLE_DEBUG_INFO = NO;
				SDKROOT = iphoneos;
				VALIDATE_PRODUCT = YES;
			};
			name = Release;
		};
		10E50E971CAA7B5400096BD8 /* Debug */ = {
			isa = XCBuildConfiguration;
			buildSettings = {
				ASSETCATALOG_COMPILER_APPICON_NAME = AppIcon;
				INFOPLIST_FILE = BuildInfoDemo/Info.plist;
				LD_RUNPATH_SEARCH_PATHS = "$(inherited) @executable_path/Frameworks";
				PRODUCT_BUNDLE_IDENTIFIER = eyrefree.BuildInfoDemo;
				PRODUCT_NAME = "$(TARGET_NAME)";
			};
			name = Debug;
		};
		10E50E981CAA7B5400096BD8 /* Release */ = {
			isa = XCBuildConfiguration;
			buildSettings = {
				ASSETCATALOG_COMPILER_APPICON_NAME = AppIcon;
				INFOPLIST_FILE = BuildInfoDemo/Info.plist;
				LD_RUNPATH_SEARCH_PATHS = "$(inherited) @executable_path/Frameworks";
				PRODUCT_BUNDLE_IDENTIFIER = eyrefree.BuildInfoDemo;
				PRODUCT_NAME = "$(TARGET_NAME)";
			};
			name = Release;
		};
/* End XCBuildConfiguration section */

/* Begin XCConfigurationList section */
		10E50E7F1CAA7B5400096BD8 /* Build configuration list for PBXProject "BuildInfoDemo" */ = {
			isa = XCConfigurationList;
			buildConfigurations = (
				10E50E941CAA7B5400096BD8 /* Debug */,
				10E50E951CAA7B5400096BD8 /* Release */,
			);
			defaultConfigurationIsVisible = 0;
			defaultConfigurationName = Release;
		};
		10E50E961CAA7B5400096BD8 /* Build configuration list for PBXNativeTarget "BuildInfoDemo" */ = {
			isa = XCConfigurationList;
			buildConfigurations = (
				10E50E971CAA7B5400096BD8 /* Debug */,
				10E50E981CAA7B5400096BD8 /* Release */,
			);
			defaultConfigurationIsVisible = 0;
		};
/* End XCConfigurationList section */
	};
	rootObject = 10E50E7C1CAA7B5400096BD8 /* Project object */;
}
